// !$*UTF8*$!
{
	archiveVersion = 1;
	classes = {
	};
	objectVersion = 56;
	objects = {

/* Begin PBXBuildFile section */
		374BBEBB29BD809D0052997A /* WhisperViewModel.swift in Sources */ = {isa = PBXBuildFile; fileRef = 374BBEBA29BD809D0052997A /* WhisperViewModel.swift */; };
		3775A13A29AD4EB6007159F5 /* Settings.bundle in Resources */ = {isa = PBXBuildFile; fileRef = 3775A13929AD4EB6007159F5 /* Settings.bundle */; };
		37763CE529AAC1E50051CFE5 /* whisperApp.swift in Sources */ = {isa = PBXBuildFile; fileRef = 37763CE429AAC1E50051CFE5 /* whisperApp.swift */; };
		37763CE929AAC1E60051CFE5 /* Assets.xcassets in Resources */ = {isa = PBXBuildFile; fileRef = 37763CE829AAC1E60051CFE5 /* Assets.xcassets */; };
		37763CEC29AAC1E60051CFE5 /* Preview Assets.xcassets in Resources */ = {isa = PBXBuildFile; fileRef = 37763CEB29AAC1E60051CFE5 /* Preview Assets.xcassets */; };
		37763CF629AAC1E60051CFE5 /* whisperTests.swift in Sources */ = {isa = PBXBuildFile; fileRef = 37763CF529AAC1E60051CFE5 /* whisperTests.swift */; };
		37763D0029AAC1E60051CFE5 /* whisperUITests.swift in Sources */ = {isa = PBXBuildFile; fileRef = 37763CFF29AAC1E60051CFE5 /* whisperUITests.swift */; };
		37763D0229AAC1E60051CFE5 /* whisperUITestsLaunchTests.swift in Sources */ = {isa = PBXBuildFile; fileRef = 37763D0129AAC1E60051CFE5 /* whisperUITestsLaunchTests.swift */; };
		37763D1729AC2F710051CFE5 /* LICENSE in Resources */ = {isa = PBXBuildFile; fileRef = 37763D1629AC2F710051CFE5 /* LICENSE */; };
		37763D1D29AC33230051CFE5 /* WhisperData.swift in Sources */ = {isa = PBXBuildFile; fileRef = 37763D1C29AC33230051CFE5 /* WhisperData.swift */; };
		37763D2029AC4C5B0051CFE5 /* Set+Cancelable.swift in Sources */ = {isa = PBXBuildFile; fileRef = 37763D1F29AC4C5B0051CFE5 /* Set+Cancelable.swift */; };
		37763D2629AC8D550051CFE5 /* ListenView.swift in Sources */ = {isa = PBXBuildFile; fileRef = 37763D2529AC8D550051CFE5 /* ListenView.swift */; };
		377646C629BACB4B002C411C /* MainViewModel.swift in Sources */ = {isa = PBXBuildFile; fileRef = 377646C529BACB4B002C411C /* MainViewModel.swift */; };
		377646C829BACB73002C411C /* MainView.swift in Sources */ = {isa = PBXBuildFile; fileRef = 377646C729BACB73002C411C /* MainView.swift */; };
		377646CA29BACC16002C411C /* BluetoothManager.swift in Sources */ = {isa = PBXBuildFile; fileRef = 377646C929BACC16002C411C /* BluetoothManager.swift */; };
		37D6B35929BC5DD300F952FE /* WhisperView.swift in Sources */ = {isa = PBXBuildFile; fileRef = 37D6B35829BC5DD300F952FE /* WhisperView.swift */; };
		37D6B35E29BCF66400F952FE /* ListenViewModel.swift in Sources */ = {isa = PBXBuildFile; fileRef = 37D6B35D29BCF66400F952FE /* ListenViewModel.swift */; };
/* End PBXBuildFile section */

/* Begin PBXContainerItemProxy section */
		37763CF229AAC1E60051CFE5 /* PBXContainerItemProxy */ = {
			isa = PBXContainerItemProxy;
			containerPortal = 37763CD929AAC1E50051CFE5 /* Project object */;
			proxyType = 1;
			remoteGlobalIDString = 37763CE029AAC1E50051CFE5;
			remoteInfo = whisper;
		};
		37763CFC29AAC1E60051CFE5 /* PBXContainerItemProxy */ = {
			isa = PBXContainerItemProxy;
			containerPortal = 37763CD929AAC1E50051CFE5 /* Project object */;
			proxyType = 1;
			remoteGlobalIDString = 37763CE029AAC1E50051CFE5;
			remoteInfo = whisper;
		};
/* End PBXContainerItemProxy section */

/* Begin PBXFileReference section */
		374BBEBA29BD809D0052997A /* WhisperViewModel.swift */ = {isa = PBXFileReference; lastKnownFileType = sourcecode.swift; path = WhisperViewModel.swift; sourceTree = "<group>"; };
		37594DCA29C224660043C152 /* Info.plist */ = {isa = PBXFileReference; lastKnownFileType = text.plist; path = Info.plist; sourceTree = "<group>"; };
		3775A13929AD4EB6007159F5 /* Settings.bundle */ = {isa = PBXFileReference; lastKnownFileType = "wrapper.plug-in"; path = Settings.bundle; sourceTree = "<group>"; };
		37763CE129AAC1E50051CFE5 /* whisper.app */ = {isa = PBXFileReference; explicitFileType = wrapper.application; includeInIndex = 0; path = whisper.app; sourceTree = BUILT_PRODUCTS_DIR; };
		37763CE429AAC1E50051CFE5 /* whisperApp.swift */ = {isa = PBXFileReference; lastKnownFileType = sourcecode.swift; path = whisperApp.swift; sourceTree = "<group>"; };
		37763CE829AAC1E60051CFE5 /* Assets.xcassets */ = {isa = PBXFileReference; lastKnownFileType = folder.assetcatalog; path = Assets.xcassets; sourceTree = "<group>"; };
		37763CEB29AAC1E60051CFE5 /* Preview Assets.xcassets */ = {isa = PBXFileReference; lastKnownFileType = folder.assetcatalog; path = "Preview Assets.xcassets"; sourceTree = "<group>"; };
		37763CF129AAC1E60051CFE5 /* whisperTests.xctest */ = {isa = PBXFileReference; explicitFileType = wrapper.cfbundle; includeInIndex = 0; path = whisperTests.xctest; sourceTree = BUILT_PRODUCTS_DIR; };
		37763CF529AAC1E60051CFE5 /* whisperTests.swift */ = {isa = PBXFileReference; lastKnownFileType = sourcecode.swift; path = whisperTests.swift; sourceTree = "<group>"; };
		37763CFB29AAC1E60051CFE5 /* whisperUITests.xctest */ = {isa = PBXFileReference; explicitFileType = wrapper.cfbundle; includeInIndex = 0; path = whisperUITests.xctest; sourceTree = BUILT_PRODUCTS_DIR; };
		37763CFF29AAC1E60051CFE5 /* whisperUITests.swift */ = {isa = PBXFileReference; lastKnownFileType = sourcecode.swift; path = whisperUITests.swift; sourceTree = "<group>"; };
		37763D0129AAC1E60051CFE5 /* whisperUITestsLaunchTests.swift */ = {isa = PBXFileReference; lastKnownFileType = sourcecode.swift; path = whisperUITestsLaunchTests.swift; sourceTree = "<group>"; };
		37763D0E29AB3D5A0051CFE5 /* README.md */ = {isa = PBXFileReference; lastKnownFileType = net.daringfireball.markdown; path = README.md; sourceTree = "<group>"; };
		37763D1629AC2F710051CFE5 /* LICENSE */ = {isa = PBXFileReference; fileEncoding = 4; lastKnownFileType = text; path = LICENSE; sourceTree = "<group>"; };
		37763D1C29AC33230051CFE5 /* WhisperData.swift */ = {isa = PBXFileReference; lastKnownFileType = sourcecode.swift; path = WhisperData.swift; sourceTree = "<group>"; };
		37763D1F29AC4C5B0051CFE5 /* Set+Cancelable.swift */ = {isa = PBXFileReference; lastKnownFileType = sourcecode.swift; path = "Set+Cancelable.swift"; sourceTree = "<group>"; };
		37763D2529AC8D550051CFE5 /* ListenView.swift */ = {isa = PBXFileReference; lastKnownFileType = sourcecode.swift; path = ListenView.swift; sourceTree = "<group>"; };
		377646C529BACB4B002C411C /* MainViewModel.swift */ = {isa = PBXFileReference; lastKnownFileType = sourcecode.swift; path = MainViewModel.swift; sourceTree = "<group>"; };
		377646C729BACB73002C411C /* MainView.swift */ = {isa = PBXFileReference; lastKnownFileType = sourcecode.swift; path = MainView.swift; sourceTree = "<group>"; };
		377646C929BACC16002C411C /* BluetoothManager.swift */ = {isa = PBXFileReference; lastKnownFileType = sourcecode.swift; path = BluetoothManager.swift; sourceTree = "<group>"; };
		37D6B35829BC5DD300F952FE /* WhisperView.swift */ = {isa = PBXFileReference; lastKnownFileType = sourcecode.swift; path = WhisperView.swift; sourceTree = "<group>"; };
		37D6B35D29BCF66400F952FE /* ListenViewModel.swift */ = {isa = PBXFileReference; lastKnownFileType = sourcecode.swift; path = ListenViewModel.swift; sourceTree = "<group>"; };
/* End PBXFileReference section */

/* Begin PBXFrameworksBuildPhase section */
		37763CDE29AAC1E50051CFE5 /* Frameworks */ = {
			isa = PBXFrameworksBuildPhase;
			buildActionMask = 2147483647;
			files = (
			);
			runOnlyForDeploymentPostprocessing = 0;
		};
		37763CEE29AAC1E60051CFE5 /* Frameworks */ = {
			isa = PBXFrameworksBuildPhase;
			buildActionMask = 2147483647;
			files = (
			);
			runOnlyForDeploymentPostprocessing = 0;
		};
		37763CF829AAC1E60051CFE5 /* Frameworks */ = {
			isa = PBXFrameworksBuildPhase;
			buildActionMask = 2147483647;
			files = (
			);
			runOnlyForDeploymentPostprocessing = 0;
		};
/* End PBXFrameworksBuildPhase section */

/* Begin PBXGroup section */
		37763CD829AAC1E50051CFE5 = {
			isa = PBXGroup;
			children = (
				37763D0E29AB3D5A0051CFE5 /* README.md */,
				37763D1629AC2F710051CFE5 /* LICENSE */,
				37763CE329AAC1E50051CFE5 /* whisper */,
				37763CF429AAC1E60051CFE5 /* whisperTests */,
				37763CFE29AAC1E60051CFE5 /* whisperUITests */,
				37763CE229AAC1E50051CFE5 /* Products */,
			);
			sourceTree = "<group>";
		};
		37763CE229AAC1E50051CFE5 /* Products */ = {
			isa = PBXGroup;
			children = (
				37763CE129AAC1E50051CFE5 /* whisper.app */,
				37763CF129AAC1E60051CFE5 /* whisperTests.xctest */,
				37763CFB29AAC1E60051CFE5 /* whisperUITests.xctest */,
			);
			name = Products;
			sourceTree = "<group>";
		};
		37763CE329AAC1E50051CFE5 /* whisper */ = {
			isa = PBXGroup;
			children = (
				37594DCA29C224660043C152 /* Info.plist */,
				37763CE429AAC1E50051CFE5 /* whisperApp.swift */,
				37763D0F29AB54F80051CFE5 /* Views */,
				37763D1329AC034B0051CFE5 /* Models */,
				37763D1E29AC4C3E0051CFE5 /* Extensions */,
				37763CE829AAC1E60051CFE5 /* Assets.xcassets */,
				37763CEA29AAC1E60051CFE5 /* Preview Content */,
				3775A13929AD4EB6007159F5 /* Settings.bundle */,
			);
			path = whisper;
			sourceTree = "<group>";
		};
		37763CEA29AAC1E60051CFE5 /* Preview Content */ = {
			isa = PBXGroup;
			children = (
				37763CEB29AAC1E60051CFE5 /* Preview Assets.xcassets */,
			);
			path = "Preview Content";
			sourceTree = "<group>";
		};
		37763CF429AAC1E60051CFE5 /* whisperTests */ = {
			isa = PBXGroup;
			children = (
				37763CF529AAC1E60051CFE5 /* whisperTests.swift */,
			);
			path = whisperTests;
			sourceTree = "<group>";
		};
		37763CFE29AAC1E60051CFE5 /* whisperUITests */ = {
			isa = PBXGroup;
			children = (
				37763CFF29AAC1E60051CFE5 /* whisperUITests.swift */,
				37763D0129AAC1E60051CFE5 /* whisperUITestsLaunchTests.swift */,
			);
			path = whisperUITests;
			sourceTree = "<group>";
		};
		37763D0F29AB54F80051CFE5 /* Views */ = {
			isa = PBXGroup;
			children = (
				377646C229BAC589002C411C /* MainView */,
				37763D1229AB561F0051CFE5 /* ListenView */,
				37763D1129AB560E0051CFE5 /* WhisperView */,
			);
			path = Views;
			sourceTree = "<group>";
		};
		37763D1129AB560E0051CFE5 /* WhisperView */ = {
			isa = PBXGroup;
			children = (
				37D6B35829BC5DD300F952FE /* WhisperView.swift */,
				374BBEBA29BD809D0052997A /* WhisperViewModel.swift */,
			);
			path = WhisperView;
			sourceTree = "<group>";
		};
		37763D1229AB561F0051CFE5 /* ListenView */ = {
			isa = PBXGroup;
			children = (
				37763D2529AC8D550051CFE5 /* ListenView.swift */,
				37D6B35D29BCF66400F952FE /* ListenViewModel.swift */,
			);
			path = ListenView;
			sourceTree = "<group>";
		};
		37763D1329AC034B0051CFE5 /* Models */ = {
			isa = PBXGroup;
			children = (
				377646C929BACC16002C411C /* BluetoothManager.swift */,
				37763D1C29AC33230051CFE5 /* WhisperData.swift */,
			);
			path = Models;
			sourceTree = "<group>";
		};
		37763D1E29AC4C3E0051CFE5 /* Extensions */ = {
			isa = PBXGroup;
			children = (
				37763D1F29AC4C5B0051CFE5 /* Set+Cancelable.swift */,
			);
			path = Extensions;
			sourceTree = "<group>";
		};
		377646C229BAC589002C411C /* MainView */ = {
			isa = PBXGroup;
			children = (
				377646C729BACB73002C411C /* MainView.swift */,
				377646C529BACB4B002C411C /* MainViewModel.swift */,
			);
			path = MainView;
			sourceTree = "<group>";
		};
/* End PBXGroup section */

/* Begin PBXNativeTarget section */
		37763CE029AAC1E50051CFE5 /* whisper */ = {
			isa = PBXNativeTarget;
			buildConfigurationList = 37763D0529AAC1E60051CFE5 /* Build configuration list for PBXNativeTarget "whisper" */;
			buildPhases = (
				37763CDD29AAC1E50051CFE5 /* Sources */,
				37763CDE29AAC1E50051CFE5 /* Frameworks */,
				37763CDF29AAC1E50051CFE5 /* Resources */,
			);
			buildRules = (
			);
			dependencies = (
			);
			name = whisper;
			productName = whisper;
			productReference = 37763CE129AAC1E50051CFE5 /* whisper.app */;
			productType = "com.apple.product-type.application";
		};
		37763CF029AAC1E60051CFE5 /* whisperTests */ = {
			isa = PBXNativeTarget;
			buildConfigurationList = 37763D0829AAC1E60051CFE5 /* Build configuration list for PBXNativeTarget "whisperTests" */;
			buildPhases = (
				37763CED29AAC1E60051CFE5 /* Sources */,
				37763CEE29AAC1E60051CFE5 /* Frameworks */,
				37763CEF29AAC1E60051CFE5 /* Resources */,
			);
			buildRules = (
			);
			dependencies = (
				37763CF329AAC1E60051CFE5 /* PBXTargetDependency */,
			);
			name = whisperTests;
			productName = whisperTests;
			productReference = 37763CF129AAC1E60051CFE5 /* whisperTests.xctest */;
			productType = "com.apple.product-type.bundle.unit-test";
		};
		37763CFA29AAC1E60051CFE5 /* whisperUITests */ = {
			isa = PBXNativeTarget;
			buildConfigurationList = 37763D0B29AAC1E60051CFE5 /* Build configuration list for PBXNativeTarget "whisperUITests" */;
			buildPhases = (
				37763CF729AAC1E60051CFE5 /* Sources */,
				37763CF829AAC1E60051CFE5 /* Frameworks */,
				37763CF929AAC1E60051CFE5 /* Resources */,
			);
			buildRules = (
			);
			dependencies = (
				37763CFD29AAC1E60051CFE5 /* PBXTargetDependency */,
			);
			name = whisperUITests;
			productName = whisperUITests;
			productReference = 37763CFB29AAC1E60051CFE5 /* whisperUITests.xctest */;
			productType = "com.apple.product-type.bundle.ui-testing";
		};
/* End PBXNativeTarget section */

/* Begin PBXProject section */
		37763CD929AAC1E50051CFE5 /* Project object */ = {
			isa = PBXProject;
			attributes = {
				BuildIndependentTargetsInParallel = 1;
				LastSwiftUpdateCheck = 1420;
				LastUpgradeCheck = 1420;
				TargetAttributes = {
					37763CE029AAC1E50051CFE5 = {
						CreatedOnToolsVersion = 14.2;
					};
					37763CF029AAC1E60051CFE5 = {
						CreatedOnToolsVersion = 14.2;
						TestTargetID = 37763CE029AAC1E50051CFE5;
					};
					37763CFA29AAC1E60051CFE5 = {
						CreatedOnToolsVersion = 14.2;
						TestTargetID = 37763CE029AAC1E50051CFE5;
					};
				};
			};
			buildConfigurationList = 37763CDC29AAC1E50051CFE5 /* Build configuration list for PBXProject "whisper" */;
			compatibilityVersion = "Xcode 14.0";
			developmentRegion = en;
			hasScannedForEncodings = 0;
			knownRegions = (
				en,
				Base,
			);
			mainGroup = 37763CD829AAC1E50051CFE5;
			productRefGroup = 37763CE229AAC1E50051CFE5 /* Products */;
			projectDirPath = "";
			projectRoot = "";
			targets = (
				37763CE029AAC1E50051CFE5 /* whisper */,
				37763CF029AAC1E60051CFE5 /* whisperTests */,
				37763CFA29AAC1E60051CFE5 /* whisperUITests */,
			);
		};
/* End PBXProject section */

/* Begin PBXResourcesBuildPhase section */
		37763CDF29AAC1E50051CFE5 /* Resources */ = {
			isa = PBXResourcesBuildPhase;
			buildActionMask = 2147483647;
			files = (
				3775A13A29AD4EB6007159F5 /* Settings.bundle in Resources */,
				37763D1729AC2F710051CFE5 /* LICENSE in Resources */,
				37763CEC29AAC1E60051CFE5 /* Preview Assets.xcassets in Resources */,
				37763CE929AAC1E60051CFE5 /* Assets.xcassets in Resources */,
			);
			runOnlyForDeploymentPostprocessing = 0;
		};
		37763CEF29AAC1E60051CFE5 /* Resources */ = {
			isa = PBXResourcesBuildPhase;
			buildActionMask = 2147483647;
			files = (
			);
			runOnlyForDeploymentPostprocessing = 0;
		};
		37763CF929AAC1E60051CFE5 /* Resources */ = {
			isa = PBXResourcesBuildPhase;
			buildActionMask = 2147483647;
			files = (
			);
			runOnlyForDeploymentPostprocessing = 0;
		};
/* End PBXResourcesBuildPhase section */

/* Begin PBXSourcesBuildPhase section */
		37763CDD29AAC1E50051CFE5 /* Sources */ = {
			isa = PBXSourcesBuildPhase;
			buildActionMask = 2147483647;
			files = (
				377646C829BACB73002C411C /* MainView.swift in Sources */,
				377646CA29BACC16002C411C /* BluetoothManager.swift in Sources */,
				37763D2029AC4C5B0051CFE5 /* Set+Cancelable.swift in Sources */,
				37763D1D29AC33230051CFE5 /* WhisperData.swift in Sources */,
				377646C629BACB4B002C411C /* MainViewModel.swift in Sources */,
				37763CE529AAC1E50051CFE5 /* whisperApp.swift in Sources */,
				37763D2629AC8D550051CFE5 /* ListenView.swift in Sources */,
				37D6B35929BC5DD300F952FE /* WhisperView.swift in Sources */,
				37D6B35E29BCF66400F952FE /* ListenViewModel.swift in Sources */,
				374BBEBB29BD809D0052997A /* WhisperViewModel.swift in Sources */,
			);
			runOnlyForDeploymentPostprocessing = 0;
		};
		37763CED29AAC1E60051CFE5 /* Sources */ = {
			isa = PBXSourcesBuildPhase;
			buildActionMask = 2147483647;
			files = (
				37763CF629AAC1E60051CFE5 /* whisperTests.swift in Sources */,
			);
			runOnlyForDeploymentPostprocessing = 0;
		};
		37763CF729AAC1E60051CFE5 /* Sources */ = {
			isa = PBXSourcesBuildPhase;
			buildActionMask = 2147483647;
			files = (
				37763D0029AAC1E60051CFE5 /* whisperUITests.swift in Sources */,
				37763D0229AAC1E60051CFE5 /* whisperUITestsLaunchTests.swift in Sources */,
			);
			runOnlyForDeploymentPostprocessing = 0;
		};
/* End PBXSourcesBuildPhase section */

/* Begin PBXTargetDependency section */
		37763CF329AAC1E60051CFE5 /* PBXTargetDependency */ = {
			isa = PBXTargetDependency;
			target = 37763CE029AAC1E50051CFE5 /* whisper */;
			targetProxy = 37763CF229AAC1E60051CFE5 /* PBXContainerItemProxy */;
		};
		37763CFD29AAC1E60051CFE5 /* PBXTargetDependency */ = {
			isa = PBXTargetDependency;
			target = 37763CE029AAC1E50051CFE5 /* whisper */;
			targetProxy = 37763CFC29AAC1E60051CFE5 /* PBXContainerItemProxy */;
		};
/* End PBXTargetDependency section */

/* Begin XCBuildConfiguration section */
		37763D0329AAC1E60051CFE5 /* Debug */ = {
			isa = XCBuildConfiguration;
			buildSettings = {
				ALWAYS_SEARCH_USER_PATHS = NO;
				CLANG_ANALYZER_NONNULL = YES;
				CLANG_ANALYZER_NUMBER_OBJECT_CONVERSION = YES_AGGRESSIVE;
				CLANG_CXX_LANGUAGE_STANDARD = "gnu++20";
				CLANG_ENABLE_MODULES = YES;
				CLANG_ENABLE_OBJC_ARC = YES;
				CLANG_ENABLE_OBJC_WEAK = YES;
				CLANG_WARN_BLOCK_CAPTURE_AUTORELEASING = YES;
				CLANG_WARN_BOOL_CONVERSION = YES;
				CLANG_WARN_COMMA = YES;
				CLANG_WARN_CONSTANT_CONVERSION = YES;
				CLANG_WARN_DEPRECATED_OBJC_IMPLEMENTATIONS = YES;
				CLANG_WARN_DIRECT_OBJC_ISA_USAGE = YES_ERROR;
				CLANG_WARN_DOCUMENTATION_COMMENTS = YES;
				CLANG_WARN_EMPTY_BODY = YES;
				CLANG_WARN_ENUM_CONVERSION = YES;
				CLANG_WARN_INFINITE_RECURSION = YES;
				CLANG_WARN_INT_CONVERSION = YES;
				CLANG_WARN_NON_LITERAL_NULL_CONVERSION = YES;
				CLANG_WARN_OBJC_IMPLICIT_RETAIN_SELF = YES;
				CLANG_WARN_OBJC_LITERAL_CONVERSION = YES;
				CLANG_WARN_OBJC_ROOT_CLASS = YES_ERROR;
				CLANG_WARN_QUOTED_INCLUDE_IN_FRAMEWORK_HEADER = YES;
				CLANG_WARN_RANGE_LOOP_ANALYSIS = YES;
				CLANG_WARN_STRICT_PROTOTYPES = YES;
				CLANG_WARN_SUSPICIOUS_MOVE = YES;
				CLANG_WARN_UNGUARDED_AVAILABILITY = YES_AGGRESSIVE;
				CLANG_WARN_UNREACHABLE_CODE = YES;
				CLANG_WARN__DUPLICATE_METHOD_MATCH = YES;
				COPY_PHASE_STRIP = NO;
				DEBUG_INFORMATION_FORMAT = dwarf;
				ENABLE_STRICT_OBJC_MSGSEND = YES;
				ENABLE_TESTABILITY = YES;
				GCC_C_LANGUAGE_STANDARD = gnu11;
				GCC_DYNAMIC_NO_PIC = NO;
				GCC_NO_COMMON_BLOCKS = YES;
				GCC_OPTIMIZATION_LEVEL = 0;
				GCC_PREPROCESSOR_DEFINITIONS = (
					"DEBUG=1",
					"$(inherited)",
				);
				GCC_WARN_64_TO_32_BIT_CONVERSION = YES;
				GCC_WARN_ABOUT_RETURN_TYPE = YES_ERROR;
				GCC_WARN_UNDECLARED_SELECTOR = YES;
				GCC_WARN_UNINITIALIZED_AUTOS = YES_AGGRESSIVE;
				GCC_WARN_UNUSED_FUNCTION = YES;
				GCC_WARN_UNUSED_VARIABLE = YES;
				IPHONEOS_DEPLOYMENT_TARGET = 14.5;
				MTL_ENABLE_DEBUG_INFO = INCLUDE_SOURCE;
				MTL_FAST_MATH = YES;
				ONLY_ACTIVE_ARCH = YES;
				SDKROOT = iphoneos;
				SWIFT_ACTIVE_COMPILATION_CONDITIONS = DEBUG;
				SWIFT_OPTIMIZATION_LEVEL = "-Onone";
			};
			name = Debug;
		};
		37763D0429AAC1E60051CFE5 /* Release */ = {
			isa = XCBuildConfiguration;
			buildSettings = {
				ALWAYS_SEARCH_USER_PATHS = NO;
				CLANG_ANALYZER_NONNULL = YES;
				CLANG_ANALYZER_NUMBER_OBJECT_CONVERSION = YES_AGGRESSIVE;
				CLANG_CXX_LANGUAGE_STANDARD = "gnu++20";
				CLANG_ENABLE_MODULES = YES;
				CLANG_ENABLE_OBJC_ARC = YES;
				CLANG_ENABLE_OBJC_WEAK = YES;
				CLANG_WARN_BLOCK_CAPTURE_AUTORELEASING = YES;
				CLANG_WARN_BOOL_CONVERSION = YES;
				CLANG_WARN_COMMA = YES;
				CLANG_WARN_CONSTANT_CONVERSION = YES;
				CLANG_WARN_DEPRECATED_OBJC_IMPLEMENTATIONS = YES;
				CLANG_WARN_DIRECT_OBJC_ISA_USAGE = YES_ERROR;
				CLANG_WARN_DOCUMENTATION_COMMENTS = YES;
				CLANG_WARN_EMPTY_BODY = YES;
				CLANG_WARN_ENUM_CONVERSION = YES;
				CLANG_WARN_INFINITE_RECURSION = YES;
				CLANG_WARN_INT_CONVERSION = YES;
				CLANG_WARN_NON_LITERAL_NULL_CONVERSION = YES;
				CLANG_WARN_OBJC_IMPLICIT_RETAIN_SELF = YES;
				CLANG_WARN_OBJC_LITERAL_CONVERSION = YES;
				CLANG_WARN_OBJC_ROOT_CLASS = YES_ERROR;
				CLANG_WARN_QUOTED_INCLUDE_IN_FRAMEWORK_HEADER = YES;
				CLANG_WARN_RANGE_LOOP_ANALYSIS = YES;
				CLANG_WARN_STRICT_PROTOTYPES = YES;
				CLANG_WARN_SUSPICIOUS_MOVE = YES;
				CLANG_WARN_UNGUARDED_AVAILABILITY = YES_AGGRESSIVE;
				CLANG_WARN_UNREACHABLE_CODE = YES;
				CLANG_WARN__DUPLICATE_METHOD_MATCH = YES;
				COPY_PHASE_STRIP = NO;
				DEBUG_INFORMATION_FORMAT = "dwarf-with-dsym";
				ENABLE_NS_ASSERTIONS = NO;
				ENABLE_STRICT_OBJC_MSGSEND = YES;
				GCC_C_LANGUAGE_STANDARD = gnu11;
				GCC_NO_COMMON_BLOCKS = YES;
				GCC_WARN_64_TO_32_BIT_CONVERSION = YES;
				GCC_WARN_ABOUT_RETURN_TYPE = YES_ERROR;
				GCC_WARN_UNDECLARED_SELECTOR = YES;
				GCC_WARN_UNINITIALIZED_AUTOS = YES_AGGRESSIVE;
				GCC_WARN_UNUSED_FUNCTION = YES;
				GCC_WARN_UNUSED_VARIABLE = YES;
				IPHONEOS_DEPLOYMENT_TARGET = 14.5;
				MTL_ENABLE_DEBUG_INFO = NO;
				MTL_FAST_MATH = YES;
				SDKROOT = iphoneos;
				SWIFT_COMPILATION_MODE = wholemodule;
				SWIFT_OPTIMIZATION_LEVEL = "-O";
				VALIDATE_PRODUCT = YES;
			};
			name = Release;
		};
		37763D0629AAC1E60051CFE5 /* Debug */ = {
			isa = XCBuildConfiguration;
			buildSettings = {
				ASSETCATALOG_COMPILER_APPICON_NAME = AppIcon;
				ASSETCATALOG_COMPILER_GLOBAL_ACCENT_COLOR_NAME = AccentColor;
				CODE_SIGN_STYLE = Automatic;
				CURRENT_PROJECT_VERSION = 1;
				DEVELOPMENT_ASSET_PATHS = "\"whisper/Preview Content\"";
				DEVELOPMENT_TEAM = 9BJ65G9LZ5;
				ENABLE_PREVIEWS = YES;
				GENERATE_INFOPLIST_FILE = YES;
				INFOPLIST_FILE = whisper/Info.plist;
				INFOPLIST_KEY_CFBundleDisplayName = Whisper;
				INFOPLIST_KEY_NSBluetoothAlwaysUsageDescription = "Whisper and Listen to other devices";
				INFOPLIST_KEY_NSBluetoothPeripheralUsageDescription = "Allow discovery by other devices";
				INFOPLIST_KEY_NSBluetoothWhileInUseUsageDescription = "Whispering and Listening to other devices";
				INFOPLIST_KEY_UIApplicationSceneManifest_Generation = YES;
				INFOPLIST_KEY_UIApplicationSupportsIndirectInputEvents = YES;
				INFOPLIST_KEY_UISupportedInterfaceOrientations_iPad = "UIInterfaceOrientationPortrait UIInterfaceOrientationPortraitUpsideDown UIInterfaceOrientationLandscapeLeft UIInterfaceOrientationLandscapeRight";
				INFOPLIST_KEY_UISupportedInterfaceOrientations_iPhone = "UIInterfaceOrientationPortrait UIInterfaceOrientationLandscapeLeft UIInterfaceOrientationLandscapeRight";
				IPHONEOS_DEPLOYMENT_TARGET = 16.0;
				LD_RUNPATH_SEARCH_PATHS = (
					"$(inherited)",
					"@executable_path/Frameworks",
				);
				MARKETING_VERSION = 1.0;
				PRODUCT_BUNDLE_IDENTIFIER = io.clickonetwo.whisper;
				PRODUCT_NAME = "$(TARGET_NAME)";
				SWIFT_EMIT_LOC_STRINGS = YES;
				SWIFT_VERSION = 5.0;
				TARGETED_DEVICE_FAMILY = "1,2";
			};
			name = Debug;
		};
		37763D0729AAC1E60051CFE5 /* Release */ = {
			isa = XCBuildConfiguration;
			buildSettings = {
				ASSETCATALOG_COMPILER_APPICON_NAME = AppIcon;
				ASSETCATALOG_COMPILER_GLOBAL_ACCENT_COLOR_NAME = AccentColor;
				CODE_SIGN_STYLE = Automatic;
				CURRENT_PROJECT_VERSION = 1;
				DEVELOPMENT_ASSET_PATHS = "\"whisper/Preview Content\"";
				DEVELOPMENT_TEAM = 9BJ65G9LZ5;
				ENABLE_PREVIEWS = YES;
				GENERATE_INFOPLIST_FILE = YES;
				INFOPLIST_FILE = whisper/Info.plist;
				INFOPLIST_KEY_CFBundleDisplayName = Whisper;
				INFOPLIST_KEY_NSBluetoothAlwaysUsageDescription = "Whisper and Listen to other devices";
				INFOPLIST_KEY_NSBluetoothPeripheralUsageDescription = "Allow discovery by other devices";
				INFOPLIST_KEY_NSBluetoothWhileInUseUsageDescription = "Whispering and Listening to other devices";
				INFOPLIST_KEY_UIApplicationSceneManifest_Generation = YES;
				INFOPLIST_KEY_UIApplicationSupportsIndirectInputEvents = YES;
				INFOPLIST_KEY_UISupportedInterfaceOrientations_iPad = "UIInterfaceOrientationPortrait UIInterfaceOrientationPortraitUpsideDown UIInterfaceOrientationLandscapeLeft UIInterfaceOrientationLandscapeRight";
				INFOPLIST_KEY_UISupportedInterfaceOrientations_iPhone = "UIInterfaceOrientationPortrait UIInterfaceOrientationLandscapeLeft UIInterfaceOrientationLandscapeRight";
				IPHONEOS_DEPLOYMENT_TARGET = 16.0;
				LD_RUNPATH_SEARCH_PATHS = (
					"$(inherited)",
					"@executable_path/Frameworks",
				);
				MARKETING_VERSION = 1.0;
				PRODUCT_BUNDLE_IDENTIFIER = io.clickonetwo.whisper;
				PRODUCT_NAME = "$(TARGET_NAME)";
				SWIFT_EMIT_LOC_STRINGS = YES;
				SWIFT_VERSION = 5.0;
				TARGETED_DEVICE_FAMILY = "1,2";
			};
			name = Release;
		};
		37763D0929AAC1E60051CFE5 /* Debug */ = {
			isa = XCBuildConfiguration;
			buildSettings = {
				ALWAYS_EMBED_SWIFT_STANDARD_LIBRARIES = YES;
				BUNDLE_LOADER = "$(TEST_HOST)";
				CODE_SIGN_STYLE = Automatic;
				CURRENT_PROJECT_VERSION = 1;
				DEVELOPMENT_TEAM = 9BJ65G9LZ5;
				GENERATE_INFOPLIST_FILE = YES;
				IPHONEOS_DEPLOYMENT_TARGET = 16.2;
				MARKETING_VERSION = 1.0;
				PRODUCT_BUNDLE_IDENTIFIER = io.clickonetwo.whisperTests;
				PRODUCT_NAME = "$(TARGET_NAME)";
				SWIFT_EMIT_LOC_STRINGS = NO;
				SWIFT_VERSION = 5.0;
				TARGETED_DEVICE_FAMILY = "1,2";
				TEST_HOST = "$(BUILT_PRODUCTS_DIR)/whisper.app/$(BUNDLE_EXECUTABLE_FOLDER_PATH)/whisper";
			};
			name = Debug;
		};
		37763D0A29AAC1E60051CFE5 /* Release */ = {
			isa = XCBuildConfiguration;
			buildSettings = {
				ALWAYS_EMBED_SWIFT_STANDARD_LIBRARIES = YES;
				BUNDLE_LOADER = "$(TEST_HOST)";
				CODE_SIGN_STYLE = Automatic;
				CURRENT_PROJECT_VERSION = 1;
				DEVELOPMENT_TEAM = 9BJ65G9LZ5;
				GENERATE_INFOPLIST_FILE = YES;
				IPHONEOS_DEPLOYMENT_TARGET = 16.2;
				MARKETING_VERSION = 1.0;
				PRODUCT_BUNDLE_IDENTIFIER = io.clickonetwo.whisperTests;
				PRODUCT_NAME = "$(TARGET_NAME)";
				SWIFT_EMIT_LOC_STRINGS = NO;
				SWIFT_VERSION = 5.0;
				TARGETED_DEVICE_FAMILY = "1,2";
				TEST_HOST = "$(BUILT_PRODUCTS_DIR)/whisper.app/$(BUNDLE_EXECUTABLE_FOLDER_PATH)/whisper";
			};
			name = Release;
		};
		37763D0C29AAC1E60051CFE5 /* Debug */ = {
			isa = XCBuildConfiguration;
			buildSettings = {
				ALWAYS_EMBED_SWIFT_STANDARD_LIBRARIES = YES;
				CODE_SIGN_STYLE = Automatic;
				CURRENT_PROJECT_VERSION = 1;
				DEVELOPMENT_TEAM = 9BJ65G9LZ5;
				GENERATE_INFOPLIST_FILE = YES;
				MARKETING_VERSION = 1.0;
				PRODUCT_BUNDLE_IDENTIFIER = io.clickonetwo.whisperUITests;
				PRODUCT_NAME = "$(TARGET_NAME)";
				SWIFT_EMIT_LOC_STRINGS = NO;
				SWIFT_VERSION = 5.0;
				TARGETED_DEVICE_FAMILY = "1,2";
				TEST_TARGET_NAME = whisper;
			};
			name = Debug;
		};
		37763D0D29AAC1E60051CFE5 /* Release */ = {
			isa = XCBuildConfiguration;
			buildSettings = {
				ALWAYS_EMBED_SWIFT_STANDARD_LIBRARIES = YES;
				CODE_SIGN_STYLE = Automatic;
				CURRENT_PROJECT_VERSION = 1;
				DEVELOPMENT_TEAM = 9BJ65G9LZ5;
				GENERATE_INFOPLIST_FILE = YES;
				MARKETING_VERSION = 1.0;
				PRODUCT_BUNDLE_IDENTIFIER = io.clickonetwo.whisperUITests;
				PRODUCT_NAME = "$(TARGET_NAME)";
				SWIFT_EMIT_LOC_STRINGS = NO;
				SWIFT_VERSION = 5.0;
				TARGETED_DEVICE_FAMILY = "1,2";
				TEST_TARGET_NAME = whisper;
			};
			name = Release;
		};
/* End XCBuildConfiguration section */

/* Begin XCConfigurationList section */
		37763CDC29AAC1E50051CFE5 /* Build configuration list for PBXProject "whisper" */ = {
			isa = XCConfigurationList;
			buildConfigurations = (
				37763D0329AAC1E60051CFE5 /* Debug */,
				37763D0429AAC1E60051CFE5 /* Release */,
			);
			defaultConfigurationIsVisible = 0;
			defaultConfigurationName = Release;
		};
		37763D0529AAC1E60051CFE5 /* Build configuration list for PBXNativeTarget "whisper" */ = {
			isa = XCConfigurationList;
			buildConfigurations = (
				37763D0629AAC1E60051CFE5 /* Debug */,
				37763D0729AAC1E60051CFE5 /* Release */,
			);
			defaultConfigurationIsVisible = 0;
			defaultConfigurationName = Release;
		};
		37763D0829AAC1E60051CFE5 /* Build configuration list for PBXNativeTarget "whisperTests" */ = {
			isa = XCConfigurationList;
			buildConfigurations = (
				37763D0929AAC1E60051CFE5 /* Debug */,
				37763D0A29AAC1E60051CFE5 /* Release */,
			);
			defaultConfigurationIsVisible = 0;
			defaultConfigurationName = Release;
		};
		37763D0B29AAC1E60051CFE5 /* Build configuration list for PBXNativeTarget "whisperUITests" */ = {
			isa = XCConfigurationList;
			buildConfigurations = (
				37763D0C29AAC1E60051CFE5 /* Debug */,
				37763D0D29AAC1E60051CFE5 /* Release */,
			);
			defaultConfigurationIsVisible = 0;
			defaultConfigurationName = Release;
		};
/* End XCConfigurationList section */
	};
	rootObject = 37763CD929AAC1E50051CFE5 /* Project object */;
}
