// !$*UTF8*$!
{
	archiveVersion = 1;
	classes = {
	};
	objectVersion = 56;
	objects = {

/* Begin PBXBuildFile section */
		37159A9E2C605481005CB922 /* String+LocalizedError.swift in Sources */ = {isa = PBXBuildFile; fileRef = 37159A9D2C605481005CB922 /* String+LocalizedError.swift */; };
		37159AA02C65E4DD005CB922 /* FavoritesProfileView.swift in Sources */ = {isa = PBXBuildFile; fileRef = 37159A9F2C65E4DD005CB922 /* FavoritesProfileView.swift */; };
		37159AA22C66F40C005CB922 /* FavoritesGroupDetailView.swift in Sources */ = {isa = PBXBuildFile; fileRef = 37159AA12C66F40C005CB922 /* FavoritesGroupDetailView.swift */; };
		37159AA42C66F425005CB922 /* FavoritesDetailView.swift in Sources */ = {isa = PBXBuildFile; fileRef = 37159AA32C66F425005CB922 /* FavoritesDetailView.swift */; };
		37159AA62C69EA70005CB922 /* FavoritesGroupView.swift in Sources */ = {isa = PBXBuildFile; fileRef = 37159AA52C69EA70005CB922 /* FavoritesGroupView.swift */; };
		37159AA82C6A9488005CB922 /* HasherFNV1a.swift in Sources */ = {isa = PBXBuildFile; fileRef = 37159AA72C6A9488005CB922 /* HasherFNV1a.swift */; };
		372FF6FA2CC35376000F0B65 /* low-frequency-typing.caf in Resources */ = {isa = PBXBuildFile; fileRef = 372FF6F92CC35376000F0B65 /* low-frequency-typing.caf */; };
		3731510F2BA760EC005E989D /* PrivacyInfo.xcprivacy in Resources */ = {isa = PBXBuildFile; fileRef = 37DE2B282BA2AFDD00EDA9D0 /* PrivacyInfo.xcprivacy */; };
		37487C2B2D8B8F90005BD862 /* ServerProtocol.swift in Sources */ = {isa = PBXBuildFile; fileRef = 37487C2A2D8B8F90005BD862 /* ServerProtocol.swift */; };
		37487C2D2D8CA8FA005BD862 /* PastTextModel.swift in Sources */ = {isa = PBXBuildFile; fileRef = 37487C2C2D8CA8FA005BD862 /* PastTextModel.swift */; };
		37487C2F2D8F7452005BD862 /* SpeechSettingsView.swift in Sources */ = {isa = PBXBuildFile; fileRef = 37487C2E2D8F7452005BD862 /* SpeechSettingsView.swift */; };
		37487C312D8F8258005BD862 /* FavoritesProfile.swift in Sources */ = {isa = PBXBuildFile; fileRef = 37487C302D8F8258005BD862 /* FavoritesProfile.swift */; };
		374BBEBB29BD809D0052997A /* WhisperViewModel.swift in Sources */ = {isa = PBXBuildFile; fileRef = 374BBEBA29BD809D0052997A /* WhisperViewModel.swift */; };
		375152A12B61E6990045FEBD /* ElevenLabs.swift in Sources */ = {isa = PBXBuildFile; fileRef = 375152A02B61E6990045FEBD /* ElevenLabs.swift */; };
		37541D5A2C71150F00922C01 /* FavoritesUseView.swift in Sources */ = {isa = PBXBuildFile; fileRef = 37541D592C71150F00922C01 /* FavoritesUseView.swift */; };
		37541D5C2C71172C00922C01 /* WhisperControlView.swift in Sources */ = {isa = PBXBuildFile; fileRef = 37541D5B2C71172C00922C01 /* WhisperControlView.swift */; };
		376EEE9F2D94A33900B3B747 /* View+OnRotate.swift in Sources */ = {isa = PBXBuildFile; fileRef = 376EEE9E2D94A33900B3B747 /* View+OnRotate.swift */; };
		376EEEA12D96043900B3B747 /* StudyIdView.swift in Sources */ = {isa = PBXBuildFile; fileRef = 376EEEA02D96043900B3B747 /* StudyIdView.swift */; };
		376EEEA32D9604F800B3B747 /* ElevenLabsSettingsView.swift in Sources */ = {isa = PBXBuildFile; fileRef = 376EEEA22D9604F800B3B747 /* ElevenLabsSettingsView.swift */; };
		376EEEA52D96054F00B3B747 /* AppleSettingsView.swift in Sources */ = {isa = PBXBuildFile; fileRef = 376EEEA42D96054F00B3B747 /* AppleSettingsView.swift */; };
		3771F83529DD2F900011419E /* FontSizes.swift in Sources */ = {isa = PBXBuildFile; fileRef = 3771F83429DD2F900011419E /* FontSizes.swift */; };
		3775A13A29AD4EB6007159F5 /* Settings.bundle in Resources */ = {isa = PBXBuildFile; fileRef = 3775A13929AD4EB6007159F5 /* Settings.bundle */; };
		37763CE529AAC1E50051CFE5 /* InMyVoiceApp.swift in Sources */ = {isa = PBXBuildFile; fileRef = 37763CE429AAC1E50051CFE5 /* InMyVoiceApp.swift */; };
		37763CE929AAC1E60051CFE5 /* Assets.xcassets in Resources */ = {isa = PBXBuildFile; fileRef = 37763CE829AAC1E60051CFE5 /* Assets.xcassets */; };
		37763CEC29AAC1E60051CFE5 /* Preview Assets.xcassets in Resources */ = {isa = PBXBuildFile; fileRef = 37763CEB29AAC1E60051CFE5 /* Preview Assets.xcassets */; };
		37763D1729AC2F710051CFE5 /* LICENSE in Resources */ = {isa = PBXBuildFile; fileRef = 37763D1629AC2F710051CFE5 /* LICENSE */; };
		37763D2029AC4C5B0051CFE5 /* Set+Cancelable.swift in Sources */ = {isa = PBXBuildFile; fileRef = 37763D1F29AC4C5B0051CFE5 /* Set+Cancelable.swift */; };
		377646C629BACB4B002C411C /* MainViewModel.swift in Sources */ = {isa = PBXBuildFile; fileRef = 377646C529BACB4B002C411C /* MainViewModel.swift */; };
		377646C829BACB73002C411C /* MainView.swift in Sources */ = {isa = PBXBuildFile; fileRef = 377646C729BACB73002C411C /* MainView.swift */; };
		377B3D232C4716F70041D26C /* SleepControl.swift in Sources */ = {isa = PBXBuildFile; fileRef = 377B3D222C4716F70041D26C /* SleepControl.swift */; };
		377B3D252C4867060041D26C /* WhisperPastTextView.swift in Sources */ = {isa = PBXBuildFile; fileRef = 377B3D242C4867060041D26C /* WhisperPastTextView.swift */; };
		377C010A2B7AD47800489C05 /* Data+JSON.swift in Sources */ = {isa = PBXBuildFile; fileRef = 377C01092B7AD47800489C05 /* Data+JSON.swift */; };
		377D71162A913E8B009B416F /* PreferenceData.swift in Sources */ = {isa = PBXBuildFile; fileRef = 377D71142A913E2E009B416F /* PreferenceData.swift */; };
		377FA1972DA9E95A00D47420 /* ElevenLabsUsageView.swift in Sources */ = {isa = PBXBuildFile; fileRef = 377FA1962DA9E95A00D47420 /* ElevenLabsUsageView.swift */; };
		378887792DD3119E002C3DD3 /* PrivacyView.swift in Sources */ = {isa = PBXBuildFile; fileRef = 378887782DD3119E002C3DD3 /* PrivacyView.swift */; };
		37922F272C72B66B00D250C6 /* typewriter-carriage-return.caf in Resources */ = {isa = PBXBuildFile; fileRef = 37922F242C72B66B00D250C6 /* typewriter-carriage-return.caf */; };
		37922F282C72B66B00D250C6 /* typewriter-bell.caf in Resources */ = {isa = PBXBuildFile; fileRef = 37922F252C72B66B00D250C6 /* typewriter-bell.caf */; };
		37922F292C72B66B00D250C6 /* typewriter-two-minutes.caf in Resources */ = {isa = PBXBuildFile; fileRef = 37922F262C72B66B00D250C6 /* typewriter-two-minutes.caf */; };
		379570CD29EA314A0033CF14 /* air-horn.caf in Resources */ = {isa = PBXBuildFile; fileRef = 379570CC29EA313D0033CF14 /* air-horn.caf */; };
		379570CE29EA314A0033CF14 /* bike-bell.caf in Resources */ = {isa = PBXBuildFile; fileRef = 379570CA29EA313D0033CF14 /* bike-bell.caf */; };
		379570CF29EA314A0033CF14 /* bike-horn.caf in Resources */ = {isa = PBXBuildFile; fileRef = 379570CB29EA313D0033CF14 /* bike-horn.caf */; };
		3797F9FE2A7F2B9B00F76817 /* ChoiceView.swift in Sources */ = {isa = PBXBuildFile; fileRef = 3797F9FD2A7F2B9B00F76817 /* ChoiceView.swift */; };
		37D6B35929BC5DD300F952FE /* WhisperView.swift in Sources */ = {isa = PBXBuildFile; fileRef = 37D6B35829BC5DD300F952FE /* WhisperView.swift */; };
		37D78A162B2FB50D002494CD /* MakeBinding.swift in Sources */ = {isa = PBXBuildFile; fileRef = 37D78A152B2FB50D002494CD /* MakeBinding.swift */; };
/* End PBXBuildFile section */

/* Begin PBXFileReference section */
		3712341129E2151100CBF49C /* Binding+Convert.swift */ = {isa = PBXFileReference; lastKnownFileType = sourcecode.swift; path = "Binding+Convert.swift"; sourceTree = "<group>"; };
		37159A9D2C605481005CB922 /* String+LocalizedError.swift */ = {isa = PBXFileReference; lastKnownFileType = sourcecode.swift; path = "String+LocalizedError.swift"; sourceTree = "<group>"; };
		37159A9F2C65E4DD005CB922 /* FavoritesProfileView.swift */ = {isa = PBXFileReference; lastKnownFileType = sourcecode.swift; path = FavoritesProfileView.swift; sourceTree = "<group>"; };
		37159AA12C66F40C005CB922 /* FavoritesGroupDetailView.swift */ = {isa = PBXFileReference; lastKnownFileType = sourcecode.swift; path = FavoritesGroupDetailView.swift; sourceTree = "<group>"; };
		37159AA32C66F425005CB922 /* FavoritesDetailView.swift */ = {isa = PBXFileReference; lastKnownFileType = sourcecode.swift; path = FavoritesDetailView.swift; sourceTree = "<group>"; };
		37159AA52C69EA70005CB922 /* FavoritesGroupView.swift */ = {isa = PBXFileReference; fileEncoding = 4; lastKnownFileType = sourcecode.swift; path = FavoritesGroupView.swift; sourceTree = "<group>"; };
		37159AA72C6A9488005CB922 /* HasherFNV1a.swift */ = {isa = PBXFileReference; lastKnownFileType = sourcecode.swift; path = HasherFNV1a.swift; sourceTree = "<group>"; };
		372FF6F92CC35376000F0B65 /* low-frequency-typing.caf */ = {isa = PBXFileReference; lastKnownFileType = file; path = "low-frequency-typing.caf"; sourceTree = "<group>"; };
		37487C2A2D8B8F90005BD862 /* ServerProtocol.swift */ = {isa = PBXFileReference; lastKnownFileType = sourcecode.swift; path = ServerProtocol.swift; sourceTree = "<group>"; };
		37487C2C2D8CA8FA005BD862 /* PastTextModel.swift */ = {isa = PBXFileReference; lastKnownFileType = sourcecode.swift; path = PastTextModel.swift; sourceTree = "<group>"; };
		37487C2E2D8F7452005BD862 /* SpeechSettingsView.swift */ = {isa = PBXFileReference; lastKnownFileType = sourcecode.swift; path = SpeechSettingsView.swift; sourceTree = "<group>"; };
		37487C302D8F8258005BD862 /* FavoritesProfile.swift */ = {isa = PBXFileReference; lastKnownFileType = sourcecode.swift; path = FavoritesProfile.swift; sourceTree = "<group>"; };
		374BBEBA29BD809D0052997A /* WhisperViewModel.swift */ = {isa = PBXFileReference; lastKnownFileType = sourcecode.swift; path = WhisperViewModel.swift; sourceTree = "<group>"; };
		375152A02B61E6990045FEBD /* ElevenLabs.swift */ = {isa = PBXFileReference; lastKnownFileType = sourcecode.swift; path = ElevenLabs.swift; sourceTree = "<group>"; };
		37541D592C71150F00922C01 /* FavoritesUseView.swift */ = {isa = PBXFileReference; lastKnownFileType = sourcecode.swift; path = FavoritesUseView.swift; sourceTree = "<group>"; };
		37541D5B2C71172C00922C01 /* WhisperControlView.swift */ = {isa = PBXFileReference; fileEncoding = 4; lastKnownFileType = sourcecode.swift; path = WhisperControlView.swift; sourceTree = "<group>"; };
		37594DCA29C224660043C152 /* Info.plist */ = {isa = PBXFileReference; lastKnownFileType = text.plist; path = Info.plist; sourceTree = "<group>"; };
		376EEE9E2D94A33900B3B747 /* View+OnRotate.swift */ = {isa = PBXFileReference; lastKnownFileType = sourcecode.swift; path = "View+OnRotate.swift"; sourceTree = "<group>"; };
		376EEEA02D96043900B3B747 /* StudyIdView.swift */ = {isa = PBXFileReference; lastKnownFileType = sourcecode.swift; path = StudyIdView.swift; sourceTree = "<group>"; };
		376EEEA22D9604F800B3B747 /* ElevenLabsSettingsView.swift */ = {isa = PBXFileReference; lastKnownFileType = sourcecode.swift; path = ElevenLabsSettingsView.swift; sourceTree = "<group>"; };
		376EEEA42D96054F00B3B747 /* AppleSettingsView.swift */ = {isa = PBXFileReference; lastKnownFileType = sourcecode.swift; path = AppleSettingsView.swift; sourceTree = "<group>"; };
		3771F83429DD2F900011419E /* FontSizes.swift */ = {isa = PBXFileReference; lastKnownFileType = sourcecode.swift; path = FontSizes.swift; sourceTree = "<group>"; };
		3775A13929AD4EB6007159F5 /* Settings.bundle */ = {isa = PBXFileReference; lastKnownFileType = "wrapper.plug-in"; path = Settings.bundle; sourceTree = "<group>"; };
		37763CE129AAC1E50051CFE5 /* InMyVoice.app */ = {isa = PBXFileReference; explicitFileType = wrapper.application; includeInIndex = 0; path = InMyVoice.app; sourceTree = BUILT_PRODUCTS_DIR; };
		37763CE429AAC1E50051CFE5 /* InMyVoiceApp.swift */ = {isa = PBXFileReference; lastKnownFileType = sourcecode.swift; path = InMyVoiceApp.swift; sourceTree = "<group>"; };
		37763CE829AAC1E60051CFE5 /* Assets.xcassets */ = {isa = PBXFileReference; lastKnownFileType = folder.assetcatalog; path = Assets.xcassets; sourceTree = "<group>"; };
		37763CEB29AAC1E60051CFE5 /* Preview Assets.xcassets */ = {isa = PBXFileReference; lastKnownFileType = folder.assetcatalog; path = "Preview Assets.xcassets"; sourceTree = "<group>"; };
		37763D0E29AB3D5A0051CFE5 /* README.md */ = {isa = PBXFileReference; lastKnownFileType = net.daringfireball.markdown; path = README.md; sourceTree = "<group>"; };
		37763D1629AC2F710051CFE5 /* LICENSE */ = {isa = PBXFileReference; fileEncoding = 4; lastKnownFileType = text; path = LICENSE; sourceTree = "<group>"; };
		37763D1F29AC4C5B0051CFE5 /* Set+Cancelable.swift */ = {isa = PBXFileReference; lastKnownFileType = sourcecode.swift; path = "Set+Cancelable.swift"; sourceTree = "<group>"; };
		377646C529BACB4B002C411C /* MainViewModel.swift */ = {isa = PBXFileReference; lastKnownFileType = sourcecode.swift; path = MainViewModel.swift; sourceTree = "<group>"; };
		377646C729BACB73002C411C /* MainView.swift */ = {isa = PBXFileReference; lastKnownFileType = sourcecode.swift; path = MainView.swift; sourceTree = "<group>"; };
		377B3D222C4716F70041D26C /* SleepControl.swift */ = {isa = PBXFileReference; lastKnownFileType = sourcecode.swift; path = SleepControl.swift; sourceTree = "<group>"; };
		377B3D242C4867060041D26C /* WhisperPastTextView.swift */ = {isa = PBXFileReference; lastKnownFileType = sourcecode.swift; path = WhisperPastTextView.swift; sourceTree = "<group>"; };
		377C01092B7AD47800489C05 /* Data+JSON.swift */ = {isa = PBXFileReference; lastKnownFileType = sourcecode.swift; path = "Data+JSON.swift"; sourceTree = "<group>"; };
		377D71142A913E2E009B416F /* PreferenceData.swift */ = {isa = PBXFileReference; lastKnownFileType = sourcecode.swift; path = PreferenceData.swift; sourceTree = "<group>"; };
		377FA1962DA9E95A00D47420 /* ElevenLabsUsageView.swift */ = {isa = PBXFileReference; lastKnownFileType = sourcecode.swift; path = ElevenLabsUsageView.swift; sourceTree = "<group>"; };
		378887782DD3119E002C3DD3 /* PrivacyView.swift */ = {isa = PBXFileReference; lastKnownFileType = sourcecode.swift; path = PrivacyView.swift; sourceTree = "<group>"; };
		37922F242C72B66B00D250C6 /* typewriter-carriage-return.caf */ = {isa = PBXFileReference; lastKnownFileType = file; path = "typewriter-carriage-return.caf"; sourceTree = "<group>"; };
		37922F252C72B66B00D250C6 /* typewriter-bell.caf */ = {isa = PBXFileReference; lastKnownFileType = file; path = "typewriter-bell.caf"; sourceTree = "<group>"; };
		37922F262C72B66B00D250C6 /* typewriter-two-minutes.caf */ = {isa = PBXFileReference; lastKnownFileType = file; path = "typewriter-two-minutes.caf"; sourceTree = "<group>"; };
		379570CA29EA313D0033CF14 /* bike-bell.caf */ = {isa = PBXFileReference; lastKnownFileType = file; path = "bike-bell.caf"; sourceTree = "<group>"; };
		379570CB29EA313D0033CF14 /* bike-horn.caf */ = {isa = PBXFileReference; lastKnownFileType = file; path = "bike-horn.caf"; sourceTree = "<group>"; };
		379570CC29EA313D0033CF14 /* air-horn.caf */ = {isa = PBXFileReference; lastKnownFileType = file; path = "air-horn.caf"; sourceTree = "<group>"; };
		3797F9FD2A7F2B9B00F76817 /* ChoiceView.swift */ = {isa = PBXFileReference; lastKnownFileType = sourcecode.swift; path = ChoiceView.swift; sourceTree = "<group>"; };
		37D553CB2A10717E00C27888 /* SizePrinter.swift */ = {isa = PBXFileReference; lastKnownFileType = sourcecode.swift; path = SizePrinter.swift; sourceTree = "<group>"; };
		37D6B35829BC5DD300F952FE /* WhisperView.swift */ = {isa = PBXFileReference; lastKnownFileType = sourcecode.swift; path = WhisperView.swift; sourceTree = "<group>"; };
		37D78A152B2FB50D002494CD /* MakeBinding.swift */ = {isa = PBXFileReference; lastKnownFileType = sourcecode.swift; path = MakeBinding.swift; sourceTree = "<group>"; };
		37DE2B282BA2AFDD00EDA9D0 /* PrivacyInfo.xcprivacy */ = {isa = PBXFileReference; lastKnownFileType = text.xml; path = PrivacyInfo.xcprivacy; sourceTree = "<group>"; };
		37ED7A812A24FB8C007A0EA7 /* InMyVoice.entitlements */ = {isa = PBXFileReference; lastKnownFileType = text.plist.entitlements; path = InMyVoice.entitlements; sourceTree = "<group>"; };
/* End PBXFileReference section */

/* Begin PBXFrameworksBuildPhase section */
		37763CDE29AAC1E50051CFE5 /* Frameworks */ = {
			isa = PBXFrameworksBuildPhase;
			buildActionMask = 2147483647;
			files = (
			);
			runOnlyForDeploymentPostprocessing = 0;
		};
/* End PBXFrameworksBuildPhase section */

/* Begin PBXGroup section */
		371311E82D7FCD52006BFA2F /* SpeechViews */ = {
			isa = PBXGroup;
			children = (
				37487C2E2D8F7452005BD862 /* SpeechSettingsView.swift */,
				376EEEA22D9604F800B3B747 /* ElevenLabsSettingsView.swift */,
				377FA1962DA9E95A00D47420 /* ElevenLabsUsageView.swift */,
				376EEEA42D96054F00B3B747 /* AppleSettingsView.swift */,
			);
			path = SpeechViews;
			sourceTree = "<group>";
		};
		3758F3EC29E8C2E00072F7A8 /* Sounds */ = {
			isa = PBXGroup;
			children = (
				379570CC29EA313D0033CF14 /* air-horn.caf */,
				379570CA29EA313D0033CF14 /* bike-bell.caf */,
				379570CB29EA313D0033CF14 /* bike-horn.caf */,
				37922F252C72B66B00D250C6 /* typewriter-bell.caf */,
				37922F242C72B66B00D250C6 /* typewriter-carriage-return.caf */,
				37922F262C72B66B00D250C6 /* typewriter-two-minutes.caf */,
				372FF6F92CC35376000F0B65 /* low-frequency-typing.caf */,
			);
			path = Sounds;
			sourceTree = "<group>";
		};
		37763CD829AAC1E50051CFE5 = {
			isa = PBXGroup;
			children = (
				37763D0E29AB3D5A0051CFE5 /* README.md */,
				37763D1629AC2F710051CFE5 /* LICENSE */,
				37763CE329AAC1E50051CFE5 /* InMyVoice */,
				37763CE229AAC1E50051CFE5 /* Products */,
				3796EF6B2AA12986009C716F /* Frameworks */,
			);
			sourceTree = "<group>";
		};
		37763CE229AAC1E50051CFE5 /* Products */ = {
			isa = PBXGroup;
			children = (
				37763CE129AAC1E50051CFE5 /* InMyVoice.app */,
			);
			name = Products;
			sourceTree = "<group>";
		};
		37763CE329AAC1E50051CFE5 /* InMyVoice */ = {
			isa = PBXGroup;
			children = (
				37ED7A812A24FB8C007A0EA7 /* InMyVoice.entitlements */,
				37594DCA29C224660043C152 /* Info.plist */,
				37DE2B282BA2AFDD00EDA9D0 /* PrivacyInfo.xcprivacy */,
				37763CE429AAC1E50051CFE5 /* InMyVoiceApp.swift */,
				37763D0F29AB54F80051CFE5 /* Views */,
				37763D1329AC034B0051CFE5 /* Models */,
				37763D1E29AC4C3E0051CFE5 /* Extensions */,
				37763CE829AAC1E60051CFE5 /* Assets.xcassets */,
				3758F3EC29E8C2E00072F7A8 /* Sounds */,
				37763CEA29AAC1E60051CFE5 /* Preview Content */,
				3775A13929AD4EB6007159F5 /* Settings.bundle */,
			);
			path = InMyVoice;
			sourceTree = "<group>";
		};
		37763CEA29AAC1E60051CFE5 /* Preview Content */ = {
			isa = PBXGroup;
			children = (
				37763CEB29AAC1E60051CFE5 /* Preview Assets.xcassets */,
			);
			path = "Preview Content";
			sourceTree = "<group>";
		};
		37763D0F29AB54F80051CFE5 /* Views */ = {
			isa = PBXGroup;
			children = (
				378887772DD31159002C3DD3 /* StudyViews */,
				371311E82D7FCD52006BFA2F /* SpeechViews */,
				37CBBD0D2AFB110B006AE49F /* FavoritesViews */,
				377646C229BAC589002C411C /* MainView */,
				37763D1129AB560E0051CFE5 /* WhisperView */,
			);
			path = Views;
			sourceTree = "<group>";
		};
		37763D1129AB560E0051CFE5 /* WhisperView */ = {
			isa = PBXGroup;
			children = (
				37D6B35829BC5DD300F952FE /* WhisperView.swift */,
				374BBEBA29BD809D0052997A /* WhisperViewModel.swift */,
				37541D5B2C71172C00922C01 /* WhisperControlView.swift */,
				377B3D242C4867060041D26C /* WhisperPastTextView.swift */,
			);
			path = WhisperView;
			sourceTree = "<group>";
		};
		37763D1329AC034B0051CFE5 /* Models */ = {
			isa = PBXGroup;
			children = (
				375152A02B61E6990045FEBD /* ElevenLabs.swift */,
				37487C302D8F8258005BD862 /* FavoritesProfile.swift */,
				3771F83429DD2F900011419E /* FontSizes.swift */,
				37487C2C2D8CA8FA005BD862 /* PastTextModel.swift */,
				377D71142A913E2E009B416F /* PreferenceData.swift */,
				37487C2A2D8B8F90005BD862 /* ServerProtocol.swift */,
			);
			path = Models;
			sourceTree = "<group>";
		};
		37763D1E29AC4C3E0051CFE5 /* Extensions */ = {
			isa = PBXGroup;
			children = (
				37763D1F29AC4C5B0051CFE5 /* Set+Cancelable.swift */,
				3712341129E2151100CBF49C /* Binding+Convert.swift */,
				37D553CB2A10717E00C27888 /* SizePrinter.swift */,
				37D78A152B2FB50D002494CD /* MakeBinding.swift */,
				377C01092B7AD47800489C05 /* Data+JSON.swift */,
				377B3D222C4716F70041D26C /* SleepControl.swift */,
				37159A9D2C605481005CB922 /* String+LocalizedError.swift */,
				37159AA72C6A9488005CB922 /* HasherFNV1a.swift */,
				376EEE9E2D94A33900B3B747 /* View+OnRotate.swift */,
			);
			path = Extensions;
			sourceTree = "<group>";
		};
		377646C229BAC589002C411C /* MainView */ = {
			isa = PBXGroup;
			children = (
				377646C729BACB73002C411C /* MainView.swift */,
				377646C529BACB4B002C411C /* MainViewModel.swift */,
				3797F9FD2A7F2B9B00F76817 /* ChoiceView.swift */,
			);
			path = MainView;
			sourceTree = "<group>";
		};
		378887772DD31159002C3DD3 /* StudyViews */ = {
			isa = PBXGroup;
			children = (
				378887782DD3119E002C3DD3 /* PrivacyView.swift */,
				376EEEA02D96043900B3B747 /* StudyIdView.swift */,
			);
			path = StudyViews;
			sourceTree = "<group>";
		};
		3796EF6B2AA12986009C716F /* Frameworks */ = {
			isa = PBXGroup;
			children = (
			);
			name = Frameworks;
			sourceTree = "<group>";
		};
		37CBBD0D2AFB110B006AE49F /* FavoritesViews */ = {
			isa = PBXGroup;
			children = (
				37159A9F2C65E4DD005CB922 /* FavoritesProfileView.swift */,
				37159AA52C69EA70005CB922 /* FavoritesGroupView.swift */,
				37159AA12C66F40C005CB922 /* FavoritesGroupDetailView.swift */,
				37159AA32C66F425005CB922 /* FavoritesDetailView.swift */,
				37541D592C71150F00922C01 /* FavoritesUseView.swift */,
			);
			path = FavoritesViews;
			sourceTree = "<group>";
		};
/* End PBXGroup section */

/* Begin PBXNativeTarget section */
		37763CE029AAC1E50051CFE5 /* InMyVoice */ = {
			isa = PBXNativeTarget;
			buildConfigurationList = 37763D0529AAC1E60051CFE5 /* Build configuration list for PBXNativeTarget "InMyVoice" */;
			buildPhases = (
				37763CDD29AAC1E50051CFE5 /* Sources */,
				37763CDE29AAC1E50051CFE5 /* Frameworks */,
				37763CDF29AAC1E50051CFE5 /* Resources */,
			);
			buildRules = (
			);
			dependencies = (
			);
			name = InMyVoice;
			packageProductDependencies = (
			);
			productName = whisper;
			productReference = 37763CE129AAC1E50051CFE5 /* InMyVoice.app */;
			productType = "com.apple.product-type.application";
		};
/* End PBXNativeTarget section */

/* Begin PBXProject section */
		37763CD929AAC1E50051CFE5 /* Project object */ = {
			isa = PBXProject;
			attributes = {
				BuildIndependentTargetsInParallel = 1;
				LastSwiftUpdateCheck = 1420;
				LastUpgradeCheck = 1630;
				TargetAttributes = {
					37763CE029AAC1E50051CFE5 = {
						CreatedOnToolsVersion = 14.2;
					};
				};
			};
			buildConfigurationList = 37763CDC29AAC1E50051CFE5 /* Build configuration list for PBXProject "InMyVoice" */;
			compatibilityVersion = "Xcode 14.0";
			developmentRegion = en;
			hasScannedForEncodings = 0;
			knownRegions = (
				en,
				Base,
			);
			mainGroup = 37763CD829AAC1E50051CFE5;
			packageReferences = (
			);
			productRefGroup = 37763CE229AAC1E50051CFE5 /* Products */;
			projectDirPath = "";
			projectRoot = "";
			targets = (
				37763CE029AAC1E50051CFE5 /* InMyVoice */,
			);
		};
/* End PBXProject section */

/* Begin PBXResourcesBuildPhase section */
		37763CDF29AAC1E50051CFE5 /* Resources */ = {
			isa = PBXResourcesBuildPhase;
			buildActionMask = 2147483647;
			files = (
				379570CD29EA314A0033CF14 /* air-horn.caf in Resources */,
				379570CE29EA314A0033CF14 /* bike-bell.caf in Resources */,
				379570CF29EA314A0033CF14 /* bike-horn.caf in Resources */,
				37922F282C72B66B00D250C6 /* typewriter-bell.caf in Resources */,
				37922F292C72B66B00D250C6 /* typewriter-two-minutes.caf in Resources */,
				3775A13A29AD4EB6007159F5 /* Settings.bundle in Resources */,
				37763D1729AC2F710051CFE5 /* LICENSE in Resources */,
				37763CEC29AAC1E60051CFE5 /* Preview Assets.xcassets in Resources */,
				3731510F2BA760EC005E989D /* PrivacyInfo.xcprivacy in Resources */,
				372FF6FA2CC35376000F0B65 /* low-frequency-typing.caf in Resources */,
				37922F272C72B66B00D250C6 /* typewriter-carriage-return.caf in Resources */,
				37763CE929AAC1E60051CFE5 /* Assets.xcassets in Resources */,
			);
			runOnlyForDeploymentPostprocessing = 0;
		};
/* End PBXResourcesBuildPhase section */

/* Begin PBXSourcesBuildPhase section */
		37763CDD29AAC1E50051CFE5 /* Sources */ = {
			isa = PBXSourcesBuildPhase;
			buildActionMask = 2147483647;
			files = (
				377646C829BACB73002C411C /* MainView.swift in Sources */,
				376EEEA12D96043900B3B747 /* StudyIdView.swift in Sources */,
				37487C2F2D8F7452005BD862 /* SpeechSettingsView.swift in Sources */,
				3771F83529DD2F900011419E /* FontSizes.swift in Sources */,
				377B3D232C4716F70041D26C /* SleepControl.swift in Sources */,
				378887792DD3119E002C3DD3 /* PrivacyView.swift in Sources */,
				37159AA42C66F425005CB922 /* FavoritesDetailView.swift in Sources */,
				377FA1972DA9E95A00D47420 /* ElevenLabsUsageView.swift in Sources */,
				376EEE9F2D94A33900B3B747 /* View+OnRotate.swift in Sources */,
				37159A9E2C605481005CB922 /* String+LocalizedError.swift in Sources */,
				37763D2029AC4C5B0051CFE5 /* Set+Cancelable.swift in Sources */,
				377B3D252C4867060041D26C /* WhisperPastTextView.swift in Sources */,
				3797F9FE2A7F2B9B00F76817 /* ChoiceView.swift in Sources */,
				37541D5C2C71172C00922C01 /* WhisperControlView.swift in Sources */,
				37487C312D8F8258005BD862 /* FavoritesProfile.swift in Sources */,
				377646C629BACB4B002C411C /* MainViewModel.swift in Sources */,
				375152A12B61E6990045FEBD /* ElevenLabs.swift in Sources */,
				376EEEA52D96054F00B3B747 /* AppleSettingsView.swift in Sources */,
				377C010A2B7AD47800489C05 /* Data+JSON.swift in Sources */,
				37541D5A2C71150F00922C01 /* FavoritesUseView.swift in Sources */,
				37763CE529AAC1E50051CFE5 /* InMyVoiceApp.swift in Sources */,
				37159AA02C65E4DD005CB922 /* FavoritesProfileView.swift in Sources */,
				37D78A162B2FB50D002494CD /* MakeBinding.swift in Sources */,
				37487C2D2D8CA8FA005BD862 /* PastTextModel.swift in Sources */,
				37D6B35929BC5DD300F952FE /* WhisperView.swift in Sources */,
				37159AA82C6A9488005CB922 /* HasherFNV1a.swift in Sources */,
				377D71162A913E8B009B416F /* PreferenceData.swift in Sources */,
				37487C2B2D8B8F90005BD862 /* ServerProtocol.swift in Sources */,
				37159AA22C66F40C005CB922 /* FavoritesGroupDetailView.swift in Sources */,
				374BBEBB29BD809D0052997A /* WhisperViewModel.swift in Sources */,
				37159AA62C69EA70005CB922 /* FavoritesGroupView.swift in Sources */,
				376EEEA32D9604F800B3B747 /* ElevenLabsSettingsView.swift in Sources */,
			);
			runOnlyForDeploymentPostprocessing = 0;
		};
/* End PBXSourcesBuildPhase section */

/* Begin XCBuildConfiguration section */
		37763D0329AAC1E60051CFE5 /* Debug */ = {
			isa = XCBuildConfiguration;
			buildSettings = {
				ALWAYS_SEARCH_USER_PATHS = NO;
				ASSETCATALOG_COMPILER_GENERATE_SWIFT_ASSET_SYMBOL_EXTENSIONS = YES;
				CLANG_ANALYZER_NONNULL = YES;
				CLANG_ANALYZER_NUMBER_OBJECT_CONVERSION = YES_AGGRESSIVE;
				CLANG_CXX_LANGUAGE_STANDARD = "gnu++20";
				CLANG_ENABLE_MODULES = YES;
				CLANG_ENABLE_OBJC_ARC = YES;
				CLANG_ENABLE_OBJC_WEAK = YES;
				CLANG_WARN_BLOCK_CAPTURE_AUTORELEASING = YES;
				CLANG_WARN_BOOL_CONVERSION = YES;
				CLANG_WARN_COMMA = YES;
				CLANG_WARN_CONSTANT_CONVERSION = YES;
				CLANG_WARN_DEPRECATED_OBJC_IMPLEMENTATIONS = YES;
				CLANG_WARN_DIRECT_OBJC_ISA_USAGE = YES_ERROR;
				CLANG_WARN_DOCUMENTATION_COMMENTS = YES;
				CLANG_WARN_EMPTY_BODY = YES;
				CLANG_WARN_ENUM_CONVERSION = YES;
				CLANG_WARN_INFINITE_RECURSION = YES;
				CLANG_WARN_INT_CONVERSION = YES;
				CLANG_WARN_NON_LITERAL_NULL_CONVERSION = YES;
				CLANG_WARN_OBJC_IMPLICIT_RETAIN_SELF = YES;
				CLANG_WARN_OBJC_LITERAL_CONVERSION = YES;
				CLANG_WARN_OBJC_ROOT_CLASS = YES_ERROR;
				CLANG_WARN_QUOTED_INCLUDE_IN_FRAMEWORK_HEADER = YES;
				CLANG_WARN_RANGE_LOOP_ANALYSIS = YES;
				CLANG_WARN_STRICT_PROTOTYPES = YES;
				CLANG_WARN_SUSPICIOUS_MOVE = YES;
				CLANG_WARN_UNGUARDED_AVAILABILITY = YES_AGGRESSIVE;
				CLANG_WARN_UNREACHABLE_CODE = YES;
				CLANG_WARN__DUPLICATE_METHOD_MATCH = YES;
				COPY_PHASE_STRIP = NO;
				DEBUG_INFORMATION_FORMAT = dwarf;
				DEVELOPMENT_TEAM = P7YF26GARW;
				ENABLE_STRICT_OBJC_MSGSEND = YES;
				ENABLE_TESTABILITY = YES;
				ENABLE_USER_SCRIPT_SANDBOXING = YES;
				GCC_C_LANGUAGE_STANDARD = gnu11;
				GCC_DYNAMIC_NO_PIC = NO;
				GCC_NO_COMMON_BLOCKS = YES;
				GCC_OPTIMIZATION_LEVEL = 0;
				GCC_PREPROCESSOR_DEFINITIONS = (
					"DEBUG=1",
					"$(inherited)",
				);
				GCC_WARN_64_TO_32_BIT_CONVERSION = YES;
				GCC_WARN_ABOUT_RETURN_TYPE = YES_ERROR;
				GCC_WARN_UNDECLARED_SELECTOR = YES;
				GCC_WARN_UNINITIALIZED_AUTOS = YES_AGGRESSIVE;
				GCC_WARN_UNUSED_FUNCTION = YES;
				GCC_WARN_UNUSED_VARIABLE = YES;
				INFOPLIST_KEY_NSHumanReadableCopyright = "";
				IPHONEOS_DEPLOYMENT_TARGET = 16.0;
				MTL_ENABLE_DEBUG_INFO = INCLUDE_SOURCE;
				MTL_FAST_MATH = YES;
				ONLY_ACTIVE_ARCH = YES;
				SDKROOT = iphoneos;
				SWIFT_ACTIVE_COMPILATION_CONDITIONS = DEBUG;
				SWIFT_OPTIMIZATION_LEVEL = "-Onone";
			};
			name = Debug;
		};
		37763D0429AAC1E60051CFE5 /* Release */ = {
			isa = XCBuildConfiguration;
			buildSettings = {
				ALWAYS_SEARCH_USER_PATHS = NO;
				ASSETCATALOG_COMPILER_GENERATE_SWIFT_ASSET_SYMBOL_EXTENSIONS = YES;
				CLANG_ANALYZER_NONNULL = YES;
				CLANG_ANALYZER_NUMBER_OBJECT_CONVERSION = YES_AGGRESSIVE;
				CLANG_CXX_LANGUAGE_STANDARD = "gnu++20";
				CLANG_ENABLE_MODULES = YES;
				CLANG_ENABLE_OBJC_ARC = YES;
				CLANG_ENABLE_OBJC_WEAK = YES;
				CLANG_WARN_BLOCK_CAPTURE_AUTORELEASING = YES;
				CLANG_WARN_BOOL_CONVERSION = YES;
				CLANG_WARN_COMMA = YES;
				CLANG_WARN_CONSTANT_CONVERSION = YES;
				CLANG_WARN_DEPRECATED_OBJC_IMPLEMENTATIONS = YES;
				CLANG_WARN_DIRECT_OBJC_ISA_USAGE = YES_ERROR;
				CLANG_WARN_DOCUMENTATION_COMMENTS = YES;
				CLANG_WARN_EMPTY_BODY = YES;
				CLANG_WARN_ENUM_CONVERSION = YES;
				CLANG_WARN_INFINITE_RECURSION = YES;
				CLANG_WARN_INT_CONVERSION = YES;
				CLANG_WARN_NON_LITERAL_NULL_CONVERSION = YES;
				CLANG_WARN_OBJC_IMPLICIT_RETAIN_SELF = YES;
				CLANG_WARN_OBJC_LITERAL_CONVERSION = YES;
				CLANG_WARN_OBJC_ROOT_CLASS = YES_ERROR;
				CLANG_WARN_QUOTED_INCLUDE_IN_FRAMEWORK_HEADER = YES;
				CLANG_WARN_RANGE_LOOP_ANALYSIS = YES;
				CLANG_WARN_STRICT_PROTOTYPES = YES;
				CLANG_WARN_SUSPICIOUS_MOVE = YES;
				CLANG_WARN_UNGUARDED_AVAILABILITY = YES_AGGRESSIVE;
				CLANG_WARN_UNREACHABLE_CODE = YES;
				CLANG_WARN__DUPLICATE_METHOD_MATCH = YES;
				COPY_PHASE_STRIP = NO;
				DEBUG_INFORMATION_FORMAT = "dwarf-with-dsym";
				DEVELOPMENT_TEAM = P7YF26GARW;
				ENABLE_NS_ASSERTIONS = NO;
				ENABLE_STRICT_OBJC_MSGSEND = YES;
				ENABLE_USER_SCRIPT_SANDBOXING = YES;
				GCC_C_LANGUAGE_STANDARD = gnu11;
				GCC_NO_COMMON_BLOCKS = YES;
				GCC_WARN_64_TO_32_BIT_CONVERSION = YES;
				GCC_WARN_ABOUT_RETURN_TYPE = YES_ERROR;
				GCC_WARN_UNDECLARED_SELECTOR = YES;
				GCC_WARN_UNINITIALIZED_AUTOS = YES_AGGRESSIVE;
				GCC_WARN_UNUSED_FUNCTION = YES;
				GCC_WARN_UNUSED_VARIABLE = YES;
				INFOPLIST_KEY_NSHumanReadableCopyright = "";
				IPHONEOS_DEPLOYMENT_TARGET = 16.0;
				MTL_ENABLE_DEBUG_INFO = NO;
				MTL_FAST_MATH = YES;
				SDKROOT = iphoneos;
				SWIFT_COMPILATION_MODE = wholemodule;
				SWIFT_OPTIMIZATION_LEVEL = "-O";
				VALIDATE_PRODUCT = YES;
			};
			name = Release;
		};
		37763D0629AAC1E60051CFE5 /* Debug */ = {
			isa = XCBuildConfiguration;
			buildSettings = {
				ASSETCATALOG_COMPILER_APPICON_NAME = AppIcon;
				ASSETCATALOG_COMPILER_GLOBAL_ACCENT_COLOR_NAME = AccentColor;
				CODE_SIGN_ENTITLEMENTS = InMyVoice/InMyVoice.entitlements;
				CODE_SIGN_IDENTITY = "Apple Development";
				CODE_SIGN_STYLE = Automatic;
				CURRENT_PROJECT_VERSION = 1.0.3;
				DEVELOPMENT_ASSET_PATHS = "\"InMyVoice/Preview Content\"";
				ENABLE_PREVIEWS = YES;
				GENERATE_INFOPLIST_FILE = YES;
				INFOPLIST_FILE = InMyVoice/Info.plist;
				INFOPLIST_KEY_CFBundleDisplayName = "In My Voice";
				INFOPLIST_KEY_LSApplicationCategoryType = "public.app-category.utilities";
				INFOPLIST_KEY_NSBluetoothAlwaysUsageDescription = "Whisper and Listen to other devices";
				INFOPLIST_KEY_NSBluetoothPeripheralUsageDescription = "Allow discovery by other devices";
				INFOPLIST_KEY_NSBluetoothWhileInUseUsageDescription = "Whispering and Listening to other devices";
				INFOPLIST_KEY_NSHumanReadableCopyright = "";
				INFOPLIST_KEY_UIApplicationSupportsIndirectInputEvents = YES;
				INFOPLIST_KEY_UISupportedInterfaceOrientations_iPad = "UIInterfaceOrientationPortrait UIInterfaceOrientationPortraitUpsideDown UIInterfaceOrientationLandscapeLeft UIInterfaceOrientationLandscapeRight";
				INFOPLIST_KEY_UISupportedInterfaceOrientations_iPhone = "UIInterfaceOrientationPortrait UIInterfaceOrientationLandscapeLeft UIInterfaceOrientationLandscapeRight";
				IPHONEOS_DEPLOYMENT_TARGET = 17.0;
				LD_RUNPATH_SEARCH_PATHS = (
					"$(inherited)",
					"@executable_path/Frameworks",
				);
				MARKETING_VERSION = 1.0;
				PRODUCT_BUNDLE_IDENTIFIER = "org.whisper-project.in-my-voice";
				PRODUCT_NAME = "$(TARGET_NAME)";
				PROVISIONING_PROFILE_SPECIFIER = "";
				SUPPORTED_PLATFORMS = "iphoneos iphonesimulator";
				SUPPORTS_MACCATALYST = YES;
				SUPPORTS_MAC_DESIGNED_FOR_IPHONE_IPAD = NO;
				SUPPORTS_XR_DESIGNED_FOR_IPHONE_IPAD = NO;
				SWIFT_ACTIVE_COMPILATION_CONDITIONS = DEBUG;
				SWIFT_EMIT_LOC_STRINGS = YES;
				SWIFT_VERSION = 5.0;
				TARGETED_DEVICE_FAMILY = "1,2";
			};
			name = Debug;
		};
		37763D0729AAC1E60051CFE5 /* Release */ = {
			isa = XCBuildConfiguration;
			buildSettings = {
				ASSETCATALOG_COMPILER_APPICON_NAME = AppIcon;
				ASSETCATALOG_COMPILER_GLOBAL_ACCENT_COLOR_NAME = AccentColor;
				CODE_SIGN_ENTITLEMENTS = InMyVoice/InMyVoice.entitlements;
				CODE_SIGN_IDENTITY = "Apple Development";
				CODE_SIGN_STYLE = Automatic;
				CURRENT_PROJECT_VERSION = 1.0.3;
				DEVELOPMENT_ASSET_PATHS = "\"InMyVoice/Preview Content\"";
				ENABLE_PREVIEWS = YES;
				GENERATE_INFOPLIST_FILE = YES;
				INFOPLIST_FILE = InMyVoice/Info.plist;
				INFOPLIST_KEY_CFBundleDisplayName = "In My Voice";
				INFOPLIST_KEY_LSApplicationCategoryType = "public.app-category.utilities";
				INFOPLIST_KEY_NSBluetoothAlwaysUsageDescription = "Whisper and Listen to other devices";
				INFOPLIST_KEY_NSBluetoothPeripheralUsageDescription = "Allow discovery by other devices";
				INFOPLIST_KEY_NSBluetoothWhileInUseUsageDescription = "Whispering and Listening to other devices";
				INFOPLIST_KEY_NSHumanReadableCopyright = "";
				INFOPLIST_KEY_UIApplicationSupportsIndirectInputEvents = YES;
				INFOPLIST_KEY_UISupportedInterfaceOrientations_iPad = "UIInterfaceOrientationPortrait UIInterfaceOrientationPortraitUpsideDown UIInterfaceOrientationLandscapeLeft UIInterfaceOrientationLandscapeRight";
				INFOPLIST_KEY_UISupportedInterfaceOrientations_iPhone = "UIInterfaceOrientationPortrait UIInterfaceOrientationLandscapeLeft UIInterfaceOrientationLandscapeRight";
				IPHONEOS_DEPLOYMENT_TARGET = 17.0;
				LD_RUNPATH_SEARCH_PATHS = (
					"$(inherited)",
					"@executable_path/Frameworks",
				);
				MARKETING_VERSION = 1.0;
				PRODUCT_BUNDLE_IDENTIFIER = "org.whisper-project.in-my-voice";
				PRODUCT_NAME = "$(TARGET_NAME)";
				PROVISIONING_PROFILE_SPECIFIER = "";
				SUPPORTED_PLATFORMS = "iphoneos iphonesimulator";
				SUPPORTS_MACCATALYST = YES;
				SUPPORTS_MAC_DESIGNED_FOR_IPHONE_IPAD = NO;
				SUPPORTS_XR_DESIGNED_FOR_IPHONE_IPAD = NO;
				SWIFT_ACTIVE_COMPILATION_CONDITIONS = "";
				SWIFT_EMIT_LOC_STRINGS = YES;
				SWIFT_VERSION = 5.0;
				TARGETED_DEVICE_FAMILY = "1,2";
			};
			name = Release;
		};
/* End XCBuildConfiguration section */

/* Begin XCConfigurationList section */
		37763CDC29AAC1E50051CFE5 /* Build configuration list for PBXProject "InMyVoice" */ = {
			isa = XCConfigurationList;
			buildConfigurations = (
				37763D0329AAC1E60051CFE5 /* Debug */,
				37763D0429AAC1E60051CFE5 /* Release */,
			);
			defaultConfigurationIsVisible = 0;
			defaultConfigurationName = Release;
		};
		37763D0529AAC1E60051CFE5 /* Build configuration list for PBXNativeTarget "InMyVoice" */ = {
			isa = XCConfigurationList;
			buildConfigurations = (
				37763D0629AAC1E60051CFE5 /* Debug */,
				37763D0729AAC1E60051CFE5 /* Release */,
			);
			defaultConfigurationIsVisible = 0;
			defaultConfigurationName = Release;
		};
/* End XCConfigurationList section */
	};
	rootObject = 37763CD929AAC1E50051CFE5 /* Project object */;
}
